
Microsoft Visual Studio Solution File, Format Version 12.00
# Visual Studio Version 16
VisualStudioVersion = 16.0.31727.386
MinimumVisualStudioVersion = 10.0.40219.1
Project("{FAE04EC0-301F-11D3-BF4B-00C04F79EFBC}") = "unosuBazu", "unosuBazu\unosuBazu.csproj", "{3857707B-CA25-4F40-BE13-6E3F318B221B}"
EndProject
Project("{00D1A9C2-B5F0-4AF3-8072-F6C62B433612}") = "BazaPodataka", "BazaPodataka\BazaPodataka.sqlproj", "{7DBEE2D9-B8E2-453D-966E-19DDC1F84CC3}"
EndProject
Global
	GlobalSection(SolutionConfigurationPlatforms) = preSolution
		Debug|Any CPU = Debug|Any CPU
		Release|Any CPU = Release|Any CPU
	EndGlobalSection
	GlobalSection(ProjectConfigurationPlatforms) = postSolution
		{3857707B-CA25-4F40-BE13-6E3F318B221B}.Debug|Any CPU.ActiveCfg = Debug|Any CPU
		{3857707B-CA25-4F40-BE13-6E3F318B221B}.Debug|Any CPU.Build.0 = Debug|Any CPU
		{3857707B-CA25-4F40-BE13-6E3F318B221B}.Release|Any CPU.ActiveCfg = Release|Any CPU
		{3857707B-CA25-4F40-BE13-6E3F318B221B}.Release|Any CPU.Build.0 = Release|Any CPU
		{7DBEE2D9-B8E2-453D-966E-19DDC1F84CC3}.Debug|Any CPU.ActiveCfg = Debug|Any CPU
		{7DBEE2D9-B8E2-453D-966E-19DDC1F84CC3}.Debug|Any CPU.Build.0 = Debug|Any CPU
		{7DBEE2D9-B8E2-453D-966E-19DDC1F84CC3}.Debug|Any CPU.Deploy.0 = Debug|Any CPU
		{7DBEE2D9-B8E2-453D-966E-19DDC1F84CC3}.Release|Any CPU.ActiveCfg = Release|Any CPU
		{7DBEE2D9-B8E2-453D-966E-19DDC1F84CC3}.Release|Any CPU.Build.0 = Release|Any CPU
		{7DBEE2D9-B8E2-453D-966E-19DDC1F84CC3}.Release|Any CPU.Deploy.0 = Release|Any CPU
	EndGlobalSection
	GlobalSection(SolutionProperties) = preSolution
		HideSolutionNode = FALSE
	EndGlobalSection
	GlobalSection(ExtensibilityGlobals) = postSolution
		SolutionGuid = {97A19C30-A242-468E-87A4-A32DAA034444}
	EndGlobalSection
EndGlobal
